
Microsoft Visual Studio Solution File, Format Version 12.00
# Visual Studio Version 17
VisualStudioVersion = 17.13.35806.99
MinimumVisualStudioVersion = 10.0.40219.1
Project("{2150E333-8FDC-42A3-9474-1A3956D46DE8}") = "Serivces", "Serivces", "{02EA681E-C7D8-13C7-8484-4AC65E1B71E8}"
EndProject
Project("{2150E333-8FDC-42A3-9474-1A3956D46DE8}") = "Catalog", "Catalog", "{7546A0B5-0F87-4139-B744-47903344D57F}"
EndProject
Project("{FAE04EC0-301F-11D3-BF4B-00C04F79EFBC}") = "Catalog.API", "Services\Catalog\Catalog.API\Catalog.API.csproj", "{10A1D162-6D29-40B1-8612-4F6596F6FCC1}"
EndProject
Project("{2150E333-8FDC-42A3-9474-1A3956D46DE8}") = "BuildingBlocks", "BuildingBlocks", "{6BC2CEDE-DD78-4BF2-9397-8F48DAFFEB19}"
EndProject
Project("{FAE04EC0-301F-11D3-BF4B-00C04F79EFBC}") = "BuildingBlocks", "BuildingBlocks\BuildingBlocks\BuildingBlocks.csproj", "{573F86E0-5C0B-4355-9166-50E8B4930114}"
EndProject
Project("{E53339B2-1760-4266-BCC7-CA923CBCF16C}") = "docker-compose", "docker-compose.dcproj", "{81DDED9D-158B-E303-5F62-77A2896D2A5A}"
EndProject
Project("{2150E333-8FDC-42A3-9474-1A3956D46DE8}") = "Basket", "Basket", "{94C0F2B0-6390-4FBD-8F2E-C5F0AD10DDFF}"
EndProject
Project("{FAE04EC0-301F-11D3-BF4B-00C04F79EFBC}") = "Basket.API", "Services\Basket\Basket.API\Basket.API.csproj", "{00C17DA6-0D88-43CD-99FC-E0789D98A945}"
EndProject
Project("{2150E333-8FDC-42A3-9474-1A3956D46DE8}") = "Discount", "Discount", "{E4D3BCB1-47F9-498A-993D-E8836BC4FBD0}"
EndProject
Project("{FAE04EC0-301F-11D3-BF4B-00C04F79EFBC}") = "Discount.Grpc", "Services\Discount\Discount.Grpc\Discount.Grpc.csproj", "{FE688353-83C2-444B-953B-659C43460D9E}"
EndProject
Project("{2150E333-8FDC-42A3-9474-1A3956D46DE8}") = "Ordering", "Ordering", "{939E0EF5-960B-4D03-BE1E-834AD9B6335A}"
EndProject
Project("{FAE04EC0-301F-11D3-BF4B-00C04F79EFBC}") = "Ordering.API", "Services\Ordering\Ordering.API\Ordering.API.csproj", "{5C64069B-33BE-48F6-AEE9-C3FECDB576C4}"
EndProject
Project("{FAE04EC0-301F-11D3-BF4B-00C04F79EFBC}") = "Ordering.Application", "Services\Ordering\Ordering.Application\Ordering.Application.csproj", "{7CAE9F03-3E8F-490C-AC23-9FEDAA657CDB}"
EndProject
Project("{FAE04EC0-301F-11D3-BF4B-00C04F79EFBC}") = "Ordering.Domain", "Services\Ordering\Ordering.Domain\Ordering.Domain.csproj", "{B9DF3664-5E73-40E3-96C1-AA0BC9871CB4}"
EndProject
Project("{FAE04EC0-301F-11D3-BF4B-00C04F79EFBC}") = "Ordering.Infrastructure", "Services\Ordering\Ordering.Infrastructure\Ordering.Infrastructure.csproj", "{B6D7DCDC-4F78-40D9-91CF-9BC4ADEAAEBF}"
EndProject
Global
	GlobalSection(SolutionConfigurationPlatforms) = preSolution
		Debug|Any CPU = Debug|Any CPU
		Release|Any CPU = Release|Any CPU
	EndGlobalSection
	GlobalSection(ProjectConfigurationPlatforms) = postSolution
		{10A1D162-6D29-40B1-8612-4F6596F6FCC1}.Debug|Any CPU.ActiveCfg = Debug|Any CPU
		{10A1D162-6D29-40B1-8612-4F6596F6FCC1}.Debug|Any CPU.Build.0 = Debug|Any CPU
		{10A1D162-6D29-40B1-8612-4F6596F6FCC1}.Release|Any CPU.ActiveCfg = Release|Any CPU
		{10A1D162-6D29-40B1-8612-4F6596F6FCC1}.Release|Any CPU.Build.0 = Release|Any CPU
		{573F86E0-5C0B-4355-9166-50E8B4930114}.Debug|Any CPU.ActiveCfg = Debug|Any CPU
		{573F86E0-5C0B-4355-9166-50E8B4930114}.Debug|Any CPU.Build.0 = Debug|Any CPU
		{573F86E0-5C0B-4355-9166-50E8B4930114}.Release|Any CPU.ActiveCfg = Release|Any CPU
		{573F86E0-5C0B-4355-9166-50E8B4930114}.Release|Any CPU.Build.0 = Release|Any CPU
		{81DDED9D-158B-E303-5F62-77A2896D2A5A}.Debug|Any CPU.ActiveCfg = Debug|Any CPU
		{81DDED9D-158B-E303-5F62-77A2896D2A5A}.Debug|Any CPU.Build.0 = Debug|Any CPU
		{81DDED9D-158B-E303-5F62-77A2896D2A5A}.Release|Any CPU.ActiveCfg = Release|Any CPU
		{81DDED9D-158B-E303-5F62-77A2896D2A5A}.Release|Any CPU.Build.0 = Release|Any CPU
		{00C17DA6-0D88-43CD-99FC-E0789D98A945}.Debug|Any CPU.ActiveCfg = Debug|Any CPU
		{00C17DA6-0D88-43CD-99FC-E0789D98A945}.Debug|Any CPU.Build.0 = Debug|Any CPU
		{00C17DA6-0D88-43CD-99FC-E0789D98A945}.Release|Any CPU.ActiveCfg = Release|Any CPU
		{00C17DA6-0D88-43CD-99FC-E0789D98A945}.Release|Any CPU.Build.0 = Release|Any CPU
		{FE688353-83C2-444B-953B-659C43460D9E}.Debug|Any CPU.ActiveCfg = Debug|Any CPU
		{FE688353-83C2-444B-953B-659C43460D9E}.Debug|Any CPU.Build.0 = Debug|Any CPU
		{FE688353-83C2-444B-953B-659C43460D9E}.Release|Any CPU.ActiveCfg = Release|Any CPU
		{FE688353-83C2-444B-953B-659C43460D9E}.Release|Any CPU.Build.0 = Release|Any CPU
		{5C64069B-33BE-48F6-AEE9-C3FECDB576C4}.Debug|Any CPU.ActiveCfg = Debug|Any CPU
		{5C64069B-33BE-48F6-AEE9-C3FECDB576C4}.Debug|Any CPU.Build.0 = Debug|Any CPU
		{5C64069B-33BE-48F6-AEE9-C3FECDB576C4}.Release|Any CPU.ActiveCfg = Release|Any CPU
		{5C64069B-33BE-48F6-AEE9-C3FECDB576C4}.Release|Any CPU.Build.0 = Release|Any CPU
		{7CAE9F03-3E8F-490C-AC23-9FEDAA657CDB}.Debug|Any CPU.ActiveCfg = Debug|Any CPU
		{7CAE9F03-3E8F-490C-AC23-9FEDAA657CDB}.Debug|Any CPU.Build.0 = Debug|Any CPU
		{7CAE9F03-3E8F-490C-AC23-9FEDAA657CDB}.Release|Any CPU.ActiveCfg = Release|Any CPU
		{7CAE9F03-3E8F-490C-AC23-9FEDAA657CDB}.Release|Any CPU.Build.0 = Release|Any CPU
		{B9DF3664-5E73-40E3-96C1-AA0BC9871CB4}.Debug|Any CPU.ActiveCfg = Debug|Any CPU
		{B9DF3664-5E73-40E3-96C1-AA0BC9871CB4}.Debug|Any CPU.Build.0 = Debug|Any CPU
		{B9DF3664-5E73-40E3-96C1-AA0BC9871CB4}.Release|Any CPU.ActiveCfg = Release|Any CPU
		{B9DF3664-5E73-40E3-96C1-AA0BC9871CB4}.Release|Any CPU.Build.0 = Release|Any CPU
		{B6D7DCDC-4F78-40D9-91CF-9BC4ADEAAEBF}.Debug|Any CPU.ActiveCfg = Debug|Any CPU
		{B6D7DCDC-4F78-40D9-91CF-9BC4ADEAAEBF}.Debug|Any CPU.Build.0 = Debug|Any CPU
		{B6D7DCDC-4F78-40D9-91CF-9BC4ADEAAEBF}.Release|Any CPU.ActiveCfg = Release|Any CPU
		{B6D7DCDC-4F78-40D9-91CF-9BC4ADEAAEBF}.Release|Any CPU.Build.0 = Release|Any CPU
	EndGlobalSection
	GlobalSection(SolutionProperties) = preSolution
		HideSolutionNode = FALSE
	EndGlobalSection
	GlobalSection(NestedProjects) = preSolution
		{7546A0B5-0F87-4139-B744-47903344D57F} = {02EA681E-C7D8-13C7-8484-4AC65E1B71E8}
		{10A1D162-6D29-40B1-8612-4F6596F6FCC1} = {7546A0B5-0F87-4139-B744-47903344D57F}
		{573F86E0-5C0B-4355-9166-50E8B4930114} = {6BC2CEDE-DD78-4BF2-9397-8F48DAFFEB19}
		{94C0F2B0-6390-4FBD-8F2E-C5F0AD10DDFF} = {02EA681E-C7D8-13C7-8484-4AC65E1B71E8}
		{00C17DA6-0D88-43CD-99FC-E0789D98A945} = {94C0F2B0-6390-4FBD-8F2E-C5F0AD10DDFF}
		{E4D3BCB1-47F9-498A-993D-E8836BC4FBD0} = {02EA681E-C7D8-13C7-8484-4AC65E1B71E8}
		{FE688353-83C2-444B-953B-659C43460D9E} = {E4D3BCB1-47F9-498A-993D-E8836BC4FBD0}
		{939E0EF5-960B-4D03-BE1E-834AD9B6335A} = {02EA681E-C7D8-13C7-8484-4AC65E1B71E8}
		{5C64069B-33BE-48F6-AEE9-C3FECDB576C4} = {939E0EF5-960B-4D03-BE1E-834AD9B6335A}
		{7CAE9F03-3E8F-490C-AC23-9FEDAA657CDB} = {939E0EF5-960B-4D03-BE1E-834AD9B6335A}
		{B9DF3664-5E73-40E3-96C1-AA0BC9871CB4} = {939E0EF5-960B-4D03-BE1E-834AD9B6335A}
		{B6D7DCDC-4F78-40D9-91CF-9BC4ADEAAEBF} = {939E0EF5-960B-4D03-BE1E-834AD9B6335A}
	EndGlobalSection
	GlobalSection(ExtensibilityGlobals) = postSolution
		SolutionGuid = {51495D1D-74B0-4633-B95C-9394519A252C}
	EndGlobalSection
EndGlobal
